{"format_version":"1.0","provider_schemas":{"registry.terraform.io/cloudstack/cloudstack":{"provider":{"version":0,"block":{"attributes":{"api_key":{"type":"string","description_kind":"plain","optional":true},"api_url":{"type":"string","description_kind":"plain","optional":true},"config":{"type":"string","description_kind":"plain","optional":true},"http_get_only":{"type":"bool","description_kind":"plain","optional":true},"profile":{"type":"string","description_kind":"plain","optional":true},"secret_key":{"type":"string","description_kind":"plain","optional":true},"timeout":{"type":"number","description_kind":"plain","optional":true}},"description_kind":"plain"}},"resource_schemas":{"cloudstack_account":{"version":0,"block":{"attributes":{"account":{"type":"string","description_kind":"plain","optional":true},"account_type":{"type":"number","description_kind":"plain","required":true},"email":{"type":"string","description_kind":"plain","required":true},"first_name":{"type":"string","description_kind":"plain","required":true},"id":{"type":"string","description_kind":"plain","optional":true,"computed":true},"last_name":{"type":"string","description_kind":"plain","required":true},"password":{"type":"string","description_kind":"plain","required":true},"role_id":{"type":"string","description_kind":"plain","required":true},"username":{"type":"string","description_kind":"plain","required":true}},"description_kind":"plain"}},"cloudstack_affinity_group":{"version":0,"block":{"attributes":{"description":{"type":"string","description_kind":"plain","optional":true,"computed":true},"id":{"type":"string","description_kind":"plain","optional":true,"computed":true},"name":{"type":"string","description_kind":"plain","required":true},"project":{"type":"string","description_kind":"plain","optional":true},"type":{"type":"string","description_kind":"plain","required":true}},"description_kind":"plain"}},"cloudstack_attach_volume":{"version":0,"block":{"attributes":{"attached":{"type":"string","description":"the date the volume was attached to a VM instance","description_kind":"plain","computed":true},"device_id":{"type":"number","description":"The ID of the device to map the volume to the guest OS. ","description_kind":"plain","optional":true,"computed":true},"id":{"type":"string","description_kind":"plain","optional":true,"computed":true},"virtual_machine_id":{"type":"string","description":"the ID of the virtual machine","description_kind":"plain","required":true},"volume_id":{"type":"string","description":"the ID of the disk volume","description_kind":"plain","required":true}},"description_kind":"plain"}},"cloudstack_autoscale_vm_profile":{"version":0,"block":{"attributes":{"destroy_vm_grace_period":{"type":"string","description_kind":"plain","optional":true,"computed":true},"id":{"type":"string","description_kind":"plain","optional":true,"computed":true},"metadata":{"type":["map","string"],"description_kind":"plain","optional":true,"computed":true},"other_deploy_params":{"type":["map","string"],"description_kind":"plain","optional":true,"computed":true},"service_offering":{"type":"string","description_kind":"plain","required":true},"template":{"type":"string","description_kind":"plain","required":true},"zone":{"type":"string","description_kind":"plain","required":true}},"description_kind":"plain"}},"cloudstack_disk":{"version":0,"block":{"attributes":{"attach":{"type":"bool","description_kind":"plain","optional":true,"computed":true},"device_id":{"type":"number","description_kind":"plain","optional":true,"computed":true},"disk_offering":{"type":"string","description_kind":"plain","optional":true},"id":{"type":"string","description_kind":"plain","optional":true,"computed":true},"name":{"type":"string","description_kind":"plain","required":true},"project":{"type":"string","description_kind":"plain","optional":true,"computed":true},"reattach_on_change":{"type":"bool","description_kind":"plain","optional":true},"shrink_ok":{"type":"bool","description_kind":"plain","optional":true},"size":{"type":"number","description_kind":"plain","optional":true,"computed":true},"tags":{"type":["map","string"],"description_kind":"plain","optional":true,"computed":true},"virtual_machine_id":{"type":"string","description_kind":"plain","optional":true,"computed":true},"zone":{"type":"string","description_kind":"plain","required":true}},"description_kind":"plain"}},"cloudstack_disk_offering":{"version":0,"block":{"attributes":{"disk_size":{"type":"number","description_kind":"plain","required":true},"display_text":{"type":"string","description_kind":"plain","required":true},"id":{"type":"string","description_kind":"plain","optional":true,"computed":true},"name":{"type":"string","description_kind":"plain","required":true}},"description_kind":"plain"}},"cloudstack_domain":{"version":0,"block":{"attributes":{"domain_id":{"type":"string","description_kind":"plain","optional":true},"id":{"type":"string","description_kind":"plain","optional":true,"computed":true},"name":{"type":"string","description_kind":"plain","required":true},"network_domain":{"type":"string","description_kind":"plain","optional":true},"parent_domain_id":{"type":"string","description_kind":"plain","optional":true}},"description_kind":"plain"}},"cloudstack_egress_firewall":{"version":0,"block":{"attributes":{"id":{"type":"string","description_kind":"plain","optional":true,"computed":true},"managed":{"type":"bool","description_kind":"plain","optional":true},"network_id":{"type":"string","description_kind":"plain","required":true},"parallelism":{"type":"number","description_kind":"plain","optional":true}},"block_types":{"rule":{"nesting_mode":"set","block":{"attributes":{"cidr_list":{"type":["set","string"],"description_kind":"plain","optional":true},"icmp_code":{"type":"number","description_kind":"plain","optional":true,"computed":true},"icmp_type":{"type":"number","description_kind":"plain","optional":true,"computed":true},"ports":{"type":["set","string"],"description_kind":"plain","optional":true},"protocol":{"type":"string","description_kind":"plain","required":true},"uuids":{"type":["map","string"],"description_kind":"plain","computed":true}},"description_kind":"plain"}}},"description_kind":"plain"}},"cloudstack_firewall":{"version":0,"block":{"attributes":{"id":{"type":"string","description_kind":"plain","optional":true,"computed":true},"ip_address_id":{"type":"string","description_kind":"plain","required":true},"managed":{"type":"bool","description_kind":"plain","optional":true},"parallelism":{"type":"number","description_kind":"plain","optional":true}},"block_types":{"rule":{"nesting_mode":"set","block":{"attributes":{"cidr_list":{"type":["set","string"],"description_kind":"plain","required":true},"icmp_code":{"type":"number","description_kind":"plain","optional":true,"computed":true},"icmp_type":{"type":"number","description_kind":"plain","optional":true,"computed":true},"ports":{"type":["set","string"],"description_kind":"plain","optional":true},"protocol":{"type":"string","description_kind":"plain","required":true},"uuids":{"type":["map","string"],"description_kind":"plain","computed":true}},"description_kind":"plain"}}},"description_kind":"plain"}},"cloudstack_host":{"version":0,"block":{"attributes":{"allocation_state":{"type":"string","description_kind":"plain","optional":true},"cluster_id":{"type":"string","description_kind":"plain","optional":true},"cluster_name":{"type":"string","description_kind":"plain","optional":true},"create_timeout":{"type":"number","description":"Timeout in seconds to wait for the host to be created.","description_kind":"plain","optional":true},"destroy_timeout":{"type":"number","description":"Timeout in seconds to wait for the host to be destroyed.","description_kind":"plain","optional":true},"force_destroy":{"type":"bool","description":"Force the host to be destroyed.","description_kind":"plain","optional":true},"host_tags":{"type":["list","string"],"description_kind":"plain","optional":true},"hypervisor":{"type":"string","description_kind":"plain","required":true},"id":{"type":"string","description_kind":"plain","optional":true,"computed":true},"name":{"type":"string","description_kind":"plain","computed":true},"password":{"type":"string","description_kind":"plain","optional":true,"sensitive":true},"pod_id":{"type":"string","description_kind":"plain","required":true},"prevent_destroy":{"type":"bool","description":"Prevent the host from being destroyed. This is useful when you want to avoid destroy the host in any change.","description_kind":"plain","optional":true},"resource_state":{"type":"string","description_kind":"plain","computed":true},"state":{"type":"string","description_kind":"plain","computed":true},"url":{"type":"string","description_kind":"plain","required":true},"username":{"type":"string","description_kind":"plain","optional":true},"zone_id":{"type":"string","description_kind":"plain","required":true}},"description_kind":"plain"}},"cloudstack_instance":{"version":0,"block":{"attributes":{"affinity_group_ids":{"type":["set","string"],"description_kind":"plain","optional":true},"affinity_group_names":{"type":["set","string"],"description_kind":"plain","optional":true},"cluster_id":{"type":"string","description_kind":"plain","optional":true},"details":{"type":["map","string"],"description_kind":"plain","optional":true},"display_name":{"type":"string","description_kind":"plain","optional":true,"computed":true},"expunge":{"type":"bool","description_kind":"plain","optional":true},"group":{"type":"string","description_kind":"plain","optional":true,"computed":true},"host_id":{"type":"string","description_kind":"plain","optional":true},"id":{"type":"string","description_kind":"plain","optional":true,"computed":true},"ip_address":{"type":"string","description_kind":"plain","optional":true,"computed":true},"keypair":{"type":"string","description_kind":"plain","optional":true},"name":{"type":"string","description_kind":"plain","optional":true,"computed":true},"network_id":{"type":"string","description_kind":"plain","optional":true,"computed":true},"nicnetworklist":{"type":["map","string"],"description_kind":"plain","optional":true},"pod_id":{"type":"string","description_kind":"plain","optional":true},"project":{"type":"string","description_kind":"plain","optional":true,"computed":true},"properties":{"type":["map","string"],"description_kind":"plain","optional":true},"root_disk_size":{"type":"number","description_kind":"plain","optional":true,"computed":true},"security_group_ids":{"type":["set","string"],"description_kind":"plain","optional":true},"security_group_names":{"type":["set","string"],"description_kind":"plain","optional":true},"service_offering":{"type":"string","description_kind":"plain","required":true},"start_vm":{"type":"bool","description_kind":"plain","optional":true},"tags":{"type":["map","string"],"description_kind":"plain","optional":true,"computed":true},"template":{"type":"string","description_kind":"plain","required":true},"uefi":{"type":"bool","description_kind":"plain","optional":true},"user_data":{"type":"string","description_kind":"plain","optional":true},"zone":{"type":"string","description_kind":"plain","required":true}},"description_kind":"plain"}},"cloudstack_ipaddress":{"version":0,"block":{"attributes":{"id":{"type":"string","description_kind":"plain","optional":true,"computed":true},"ip_address":{"type":"string","description_kind":"plain","computed":true},"is_portable":{"type":"bool","description_kind":"plain","optional":true},"is_source_nat":{"type":"bool","description_kind":"plain","computed":true},"network_id":{"type":"string","description_kind":"plain","optional":true},"project":{"type":"string","description_kind":"plain","optional":true,"computed":true},"tags":{"type":["map","string"],"description_kind":"plain","optional":true,"computed":true},"vpc_id":{"type":"string","description_kind":"plain","optional":true},"zone":{"type":"string","description_kind":"plain","optional":true}},"description_kind":"plain"}},"cloudstack_kubernetes_cluster":{"version":0,"block":{"attributes":{"autoscaling_enabled":{"type":"bool","description_kind":"plain","optional":true},"control_nodes_size":{"type":"number","description_kind":"plain","optional":true,"computed":true},"description":{"type":"string","description_kind":"plain","optional":true,"computed":true},"id":{"type":"string","description_kind":"plain","optional":true,"computed":true},"ip_address":{"type":"string","description_kind":"plain","computed":true},"keypair":{"type":"string","description_kind":"plain","optional":true},"kubernetes_version":{"type":"string","description_kind":"plain","required":true},"max_size":{"type":"number","description_kind":"plain","optional":true},"min_size":{"type":"number","description_kind":"plain","optional":true},"name":{"type":"string","description_kind":"plain","required":true},"network_id":{"type":"string","description_kind":"plain","optional":true,"computed":true},"noderootdisksize":{"type":"number","description_kind":"plain","optional":true},"project":{"type":"string","description_kind":"plain","optional":true},"service_offering":{"type":"string","description_kind":"plain","required":true},"size":{"type":"number","description_kind":"plain","optional":true},"state":{"type":"string","description_kind":"plain","optional":true,"computed":true},"zone":{"type":"string","description_kind":"plain","required":true}},"description_kind":"plain"}},"cloudstack_kubernetes_version":{"version":0,"block":{"attributes":{"checksum":{"type":"string","description_kind":"plain","optional":true},"id":{"type":"string","description_kind":"plain","optional":true,"computed":true},"min_cpu":{"type":"number","description_kind":"plain","required":true},"min_memory":{"type":"number","description_kind":"plain","required":true},"name":{"type":"string","description_kind":"plain","optional":true,"computed":true},"semantic_version":{"type":"string","description_kind":"plain","required":true},"state":{"type":"string","description_kind":"plain","optional":true,"computed":true},"url":{"type":"string","description_kind":"plain","required":true},"zone":{"type":"string","description_kind":"plain","optional":true,"computed":true}},"description_kind":"plain"}},"cloudstack_loadbalancer_rule":{"version":0,"block":{"attributes":{"algorithm":{"type":"string","description_kind":"plain","required":true},"certificate_id":{"type":"string","description_kind":"plain","optional":true},"description":{"type":"string","description_kind":"plain","optional":true,"computed":true},"id":{"type":"string","description_kind":"plain","optional":true,"computed":true},"ip_address_id":{"type":"string","description_kind":"plain","required":true},"member_ids":{"type":["set","string"],"description_kind":"plain","required":true},"name":{"type":"string","description_kind":"plain","required":true},"network_id":{"type":"string","description_kind":"plain","optional":true},"private_port":{"type":"number","description_kind":"plain","required":true},"project":{"type":"string","description_kind":"plain","optional":true,"computed":true},"protocol":{"type":"string","description_kind":"plain","optional":true,"computed":true},"public_port":{"type":"number","description_kind":"plain","required":true}},"description_kind":"plain"}},"cloudstack_network":{"version":0,"block":{"attributes":{"acl_id":{"type":"string","description_kind":"plain","optional":true},"cidr":{"type":"string","description_kind":"plain","required":true},"display_text":{"type":"string","description_kind":"plain","optional":true,"computed":true},"endip":{"type":"string","description_kind":"plain","optional":true,"computed":true},"gateway":{"type":"string","description_kind":"plain","optional":true,"computed":true},"id":{"type":"string","description_kind":"plain","optional":true,"computed":true},"name":{"type":"string","description_kind":"plain","required":true},"network_domain":{"type":"string","description_kind":"plain","optional":true,"computed":true},"network_offering":{"type":"string","description_kind":"plain","required":true},"project":{"type":"string","description_kind":"plain","optional":true,"computed":true},"source_nat_ip":{"type":"bool","description_kind":"plain","optional":true},"source_nat_ip_address":{"type":"string","description_kind":"plain","computed":true},"source_nat_ip_id":{"type":"string","description_kind":"plain","computed":true},"startip":{"type":"string","description_kind":"plain","optional":true,"computed":true},"tags":{"type":["map","string"],"description_kind":"plain","optional":true,"computed":true},"vlan":{"type":"number","description_kind":"plain","optional":true},"vpc_id":{"type":"string","description_kind":"plain","optional":true},"zone":{"type":"string","description_kind":"plain","required":true}},"description_kind":"plain"}},"cloudstack_network_acl":{"version":0,"block":{"attributes":{"description":{"type":"string","description_kind":"plain","optional":true,"computed":true},"id":{"type":"string","description_kind":"plain","optional":true,"computed":true},"name":{"type":"string","description_kind":"plain","required":true},"project":{"type":"string","description_kind":"plain","optional":true},"vpc_id":{"type":"string","description_kind":"plain","required":true}},"description_kind":"plain"}},"cloudstack_network_acl_rule":{"version":0,"block":{"attributes":{"acl_id":{"type":"string","description_kind":"plain","required":true},"id":{"type":"string","description_kind":"plain","optional":true,"computed":true},"managed":{"type":"bool","description_kind":"plain","optional":true},"parallelism":{"type":"number","description_kind":"plain","optional":true},"project":{"type":"string","description_kind":"plain","optional":true}},"block_types":{"rule":{"nesting_mode":"set","block":{"attributes":{"action":{"type":"string","description_kind":"plain","optional":true},"cidr_list":{"type":["set","string"],"description_kind":"plain","required":true},"icmp_code":{"type":"number","description_kind":"plain","optional":true,"computed":true},"icmp_type":{"type":"number","description_kind":"plain","optional":true,"computed":true},"ports":{"type":["set","string"],"description_kind":"plain","optional":true},"protocol":{"type":"string","description_kind":"plain","required":true},"traffic_type":{"type":"string","description_kind":"plain","optional":true},"uuids":{"type":["map","string"],"description_kind":"plain","computed":true}},"description_kind":"plain"}}},"description_kind":"plain"}},"cloudstack_network_offering":{"version":0,"block":{"attributes":{"display_text":{"type":"string","description_kind":"plain","required":true},"guest_ip_type":{"type":"string","description_kind":"plain","required":true},"id":{"type":"string","description_kind":"plain","optional":true,"computed":true},"name":{"type":"string","description_kind":"plain","required":true},"traffic_type":{"type":"string","description_kind":"plain","required":true}},"description_kind":"plain"}},"cloudstack_nic":{"version":0,"block":{"attributes":{"id":{"type":"string","description_kind":"plain","optional":true,"computed":true},"ip_address":{"type":"string","description_kind":"plain","optional":true,"computed":true},"network_id":{"type":"string","description_kind":"plain","required":true},"virtual_machine_id":{"type":"string","description_kind":"plain","required":true}},"description_kind":"plain"}},"cloudstack_port_forward":{"version":0,"block":{"attributes":{"id":{"type":"string","description_kind":"plain","optional":true,"computed":true},"ip_address_id":{"type":"string","description_kind":"plain","required":true},"managed":{"type":"bool","description_kind":"plain","optional":true},"project":{"type":"string","description_kind":"plain","optional":true}},"block_types":{"forward":{"nesting_mode":"set","block":{"attributes":{"private_port":{"type":"number","description_kind":"plain","required":true},"protocol":{"type":"string","description_kind":"plain","required":true},"public_port":{"type":"number","description_kind":"plain","required":true},"uuid":{"type":"string","description_kind":"plain","computed":true},"virtual_machine_id":{"type":"string","description_kind":"plain","required":true},"vm_guest_ip":{"type":"string","description_kind":"plain","optional":true}},"description_kind":"plain"},"min_items":1}},"description_kind":"plain"}},"cloudstack_private_gateway":{"version":0,"block":{"attributes":{"acl_id":{"type":"string","description_kind":"plain","required":true},"gateway":{"type":"string","description_kind":"plain","required":true},"id":{"type":"string","description_kind":"plain","optional":true,"computed":true},"ip_address":{"type":"string","description_kind":"plain","required":true},"netmask":{"type":"string","description_kind":"plain","required":true},"network_offering":{"type":"string","description_kind":"plain","optional":true},"physical_network_id":{"type":"string","description_kind":"plain","optional":true},"vlan":{"type":"string","description_kind":"plain","required":true},"vpc_id":{"type":"string","description_kind":"plain","required":true}},"description_kind":"plain"}},"cloudstack_secondary_ipaddress":{"version":0,"block":{"attributes":{"id":{"type":"string","description_kind":"plain","optional":true,"computed":true},"ip_address":{"type":"string","description_kind":"plain","optional":true,"computed":true},"nic_id":{"type":"string","description_kind":"plain","optional":true,"computed":true},"virtual_machine_id":{"type":"string","description_kind":"plain","required":true}},"description_kind":"plain"}},"cloudstack_security_group":{"version":0,"block":{"attributes":{"description":{"type":"string","description_kind":"plain","optional":true,"computed":true},"id":{"type":"string","description_kind":"plain","optional":true,"computed":true},"name":{"type":"string","description_kind":"plain","required":true},"project":{"type":"string","description_kind":"plain","optional":true,"computed":true}},"description_kind":"plain"}},"cloudstack_security_group_rule":{"version":0,"block":{"attributes":{"id":{"type":"string","description_kind":"plain","optional":true,"computed":true},"parallelism":{"type":"number","description_kind":"plain","optional":true},"project":{"type":"string","description_kind":"plain","optional":true},"security_group_id":{"type":"string","description_kind":"plain","required":true}},"block_types":{"rule":{"nesting_mode":"set","block":{"attributes":{"cidr_list":{"type":["set","string"],"description_kind":"plain","optional":true},"icmp_code":{"type":"number","description_kind":"plain","optional":true,"computed":true},"icmp_type":{"type":"number","description_kind":"plain","optional":true,"computed":true},"ports":{"type":["set","string"],"description_kind":"plain","optional":true},"protocol":{"type":"string","description_kind":"plain","required":true},"traffic_type":{"type":"string","description_kind":"plain","optional":true},"user_security_group_list":{"type":["set","string"],"description_kind":"plain","optional":true},"uuids":{"type":["map","string"],"description_kind":"plain","computed":true}},"description_kind":"plain"},"min_items":1}},"description_kind":"plain"}},"cloudstack_service_offering":{"version":0,"block":{"attributes":{"cpu_number":{"type":"number","description":"Number of CPU cores","description_kind":"plain","optional":true},"cpu_speed":{"type":"number","description":"Speed of CPU in Mhz","description_kind":"plain","optional":true},"display_text":{"type":"string","description_kind":"plain","required":true},"host_tags":{"type":"string","description":"The host tag for this service offering","description_kind":"plain","optional":true},"id":{"type":"string","description_kind":"plain","optional":true,"computed":true},"limit_cpu_use":{"type":"bool","description":"Restrict the CPU usage to committed service offering","description_kind":"plain","optional":true},"memory":{"type":"number","description":"The total memory of the service offering in MB","description_kind":"plain","optional":true},"name":{"type":"string","description_kind":"plain","required":true},"offer_ha":{"type":"bool","description":"The HA for the service offering","description_kind":"plain","optional":true},"storage_type":{"type":"string","description":"The storage type of the service offering. Values are local and shared","description_kind":"plain","optional":true}},"description_kind":"plain"}},"cloudstack_ssh_keypair":{"version":0,"block":{"attributes":{"fingerprint":{"type":"string","description_kind":"plain","computed":true},"id":{"type":"string","description_kind":"plain","optional":true,"computed":true},"name":{"type":"string","description_kind":"plain","required":true},"private_key":{"type":"string","description_kind":"plain","computed":true},"project":{"type":"string","description_kind":"plain","optional":true},"public_key":{"type":"string","description_kind":"plain","optional":true}},"description_kind":"plain"}},"cloudstack_static_nat":{"version":0,"block":{"attributes":{"id":{"type":"string","description_kind":"plain","optional":true,"computed":true},"ip_address_id":{"type":"string","description_kind":"plain","required":true},"project":{"type":"string","description_kind":"plain","optional":true,"computed":true},"virtual_machine_id":{"type":"string","description_kind":"plain","required":true},"vm_guest_ip":{"type":"string","description_kind":"plain","optional":true,"computed":true}},"description_kind":"plain"}},"cloudstack_static_route":{"version":0,"block":{"attributes":{"cidr":{"type":"string","description_kind":"plain","required":true},"gateway_id":{"type":"string","description_kind":"plain","required":true},"id":{"type":"string","description_kind":"plain","optional":true,"computed":true}},"description_kind":"plain"}},"cloudstack_template":{"version":0,"block":{"attributes":{"display_text":{"type":"string","description_kind":"plain","optional":true,"computed":true},"format":{"type":"string","description_kind":"plain","required":true},"hypervisor":{"type":"string","description_kind":"plain","required":true},"id":{"type":"string","description_kind":"plain","optional":true,"computed":true},"is_dynamically_scalable":{"type":"bool","description_kind":"plain","optional":true,"computed":true},"is_extractable":{"type":"bool","description_kind":"plain","optional":true,"computed":true},"is_featured":{"type":"bool","description_kind":"plain","optional":true,"computed":true},"is_public":{"type":"bool","description_kind":"plain","optional":true,"computed":true},"is_ready":{"type":"bool","description_kind":"plain","computed":true},"is_ready_timeout":{"type":"number","description_kind":"plain","optional":true},"name":{"type":"string","description_kind":"plain","required":true},"os_type":{"type":"string","description_kind":"plain","required":true},"password_enabled":{"type":"bool","description_kind":"plain","optional":true,"computed":true},"project":{"type":"string","description_kind":"plain","optional":true,"computed":true},"tags":{"type":["map","string"],"description_kind":"plain","optional":true,"computed":true},"url":{"type":"string","description_kind":"plain","required":true},"zone":{"type":"string","description_kind":"plain","optional":true}},"description_kind":"plain"}},"cloudstack_user":{"version":0,"block":{"attributes":{"account":{"type":"string","description_kind":"plain","optional":true},"email":{"type":"string","description_kind":"plain","required":true},"first_name":{"type":"string","description_kind":"plain","required":true},"id":{"type":"string","description_kind":"plain","optional":true,"computed":true},"last_name":{"type":"string","description_kind":"plain","required":true},"password":{"type":"string","description_kind":"plain","required":true},"username":{"type":"string","description_kind":"plain","required":true}},"description_kind":"plain"}},"cloudstack_volume":{"version":0,"block":{"attributes":{"disk_offering_id":{"type":"string","description_kind":"plain","required":true},"id":{"type":"string","description_kind":"plain","optional":true,"computed":true},"name":{"type":"string","description_kind":"plain","required":true},"zone_id":{"type":"string","description_kind":"plain","required":true}},"description_kind":"plain"}},"cloudstack_vpc":{"version":0,"block":{"attributes":{"cidr":{"type":"string","description_kind":"plain","required":true},"display_text":{"type":"string","description_kind":"plain","optional":true,"computed":true},"id":{"type":"string","description_kind":"plain","optional":true,"computed":true},"name":{"type":"string","description_kind":"plain","required":true},"network_domain":{"type":"string","description_kind":"plain","optional":true,"computed":true},"project":{"type":"string","description_kind":"plain","optional":true,"computed":true},"source_nat_ip":{"type":"string","description_kind":"plain","computed":true},"tags":{"type":["map","string"],"description_kind":"plain","optional":true,"computed":true},"vpc_offering":{"type":"string","description_kind":"plain","required":true},"zone":{"type":"string","description_kind":"plain","required":true}},"description_kind":"plain"}},"cloudstack_vpn_connection":{"version":0,"block":{"attributes":{"customer_gateway_id":{"type":"string","description_kind":"plain","required":true},"id":{"type":"string","description_kind":"plain","optional":true,"computed":true},"vpn_gateway_id":{"type":"string","description_kind":"plain","required":true}},"description_kind":"plain"}},"cloudstack_vpn_customer_gateway":{"version":0,"block":{"attributes":{"cidr":{"type":"string","description_kind":"plain","required":true},"dpd":{"type":"bool","description_kind":"plain","optional":true,"computed":true},"esp_lifetime":{"type":"number","description_kind":"plain","optional":true,"computed":true},"esp_policy":{"type":"string","description_kind":"plain","required":true},"gateway":{"type":"string","description_kind":"plain","required":true},"id":{"type":"string","description_kind":"plain","optional":true,"computed":true},"ike_lifetime":{"type":"number","description_kind":"plain","optional":true,"computed":true},"ike_policy":{"type":"string","description_kind":"plain","required":true},"ipsec_psk":{"type":"string","description_kind":"plain","required":true},"name":{"type":"string","description_kind":"plain","required":true},"project":{"type":"string","description_kind":"plain","optional":true,"computed":true}},"description_kind":"plain"}},"cloudstack_vpn_gateway":{"version":0,"block":{"attributes":{"id":{"type":"string","description_kind":"plain","optional":true,"computed":true},"public_ip":{"type":"string","description_kind":"plain","computed":true},"vpc_id":{"type":"string","description_kind":"plain","required":true}},"description_kind":"plain"}},"cloudstack_zone":{"version":0,"block":{"attributes":{"dns1":{"type":"string","description_kind":"plain","required":true},"id":{"type":"string","description_kind":"plain","optional":true,"computed":true},"internal_dns1":{"type":"string","description_kind":"plain","required":true},"name":{"type":"string","description_kind":"plain","required":true},"network_type":{"type":"string","description_kind":"plain","required":true}},"description_kind":"plain"}}},"data_source_schemas":{"cloudstack_instance":{"version":0,"block":{"attributes":{"account":{"type":"string","description_kind":"plain","computed":true},"created":{"type":"string","description_kind":"plain","computed":true},"display_name":{"type":"string","description_kind":"plain","computed":true},"host_id":{"type":"string","description_kind":"plain","computed":true},"id":{"type":"string","description_kind":"plain","optional":true,"computed":true},"instance_id":{"type":"string","description_kind":"plain","computed":true},"state":{"type":"string","description_kind":"plain","computed":true},"tags":{"type":["map","string"],"description_kind":"plain","optional":true,"computed":true},"zone_id":{"type":"string","description_kind":"plain","computed":true}},"block_types":{"filter":{"nesting_mode":"set","block":{"attributes":{"name":{"type":"string","description_kind":"plain","required":true},"value":{"type":"string","description_kind":"plain","required":true}},"description_kind":"plain"},"min_items":1},"nic":{"nesting_mode":"list","block":{"attributes":{"ip_address":{"type":"string","description_kind":"plain","optional":true,"computed":true}},"description_kind":"plain"}}},"description_kind":"plain"}},"cloudstack_ipaddress":{"version":0,"block":{"attributes":{"id":{"type":"string","description_kind":"plain","optional":true,"computed":true},"ip_address":{"type":"string","description_kind":"plain","computed":true},"is_portable":{"type":"bool","description_kind":"plain","computed":true},"is_source_nat":{"type":"bool","description_kind":"plain","computed":true},"network_id":{"type":"string","description_kind":"plain","computed":true},"project":{"type":"string","description_kind":"plain","computed":true},"tags":{"type":["map","string"],"description_kind":"plain","optional":true,"computed":true},"vpc_id":{"type":"string","description_kind":"plain","computed":true},"zone_name":{"type":"string","description_kind":"plain","computed":true}},"block_types":{"filter":{"nesting_mode":"set","block":{"attributes":{"name":{"type":"string","description_kind":"plain","required":true},"value":{"type":"string","description_kind":"plain","required":true}},"description_kind":"plain"},"min_items":1}},"description_kind":"plain"}},"cloudstack_network_offering":{"version":0,"block":{"attributes":{"display_text":{"type":"string","description_kind":"plain","computed":true},"guest_ip_type":{"type":"string","description_kind":"plain","computed":true},"id":{"type":"string","description_kind":"plain","optional":true,"computed":true},"name":{"type":"string","description_kind":"plain","computed":true},"traffic_type":{"type":"string","description_kind":"plain","computed":true}},"block_types":{"filter":{"nesting_mode":"set","block":{"attributes":{"name":{"type":"string","description_kind":"plain","required":true},"value":{"type":"string","description_kind":"plain","required":true}},"description_kind":"plain"},"min_items":1}},"description_kind":"plain"}},"cloudstack_pod":{"version":0,"block":{"attributes":{"allocation_state":{"type":"string","description_kind":"plain","computed":true},"capacity":{"type":["list",["object",{"capacity_allocated":"number","capacity_total":"number","capacity_used":"number","cluster_id":"string","cluster_name":"string","name":"string","percent_used":"number","pod_id":"string","pod_name":"string","type":"string","zone_id":"string","zone_name":"string"}]],"description_kind":"plain","computed":true},"end_ip":{"type":"string","description_kind":"plain","computed":true},"gateway":{"type":"string","description_kind":"plain","computed":true},"id":{"type":"string","description_kind":"plain","optional":true,"computed":true},"ip_ranges":{"type":["list",["object",{"end_ip":"string","for_system_vms":"string","gateway":"string","start_ip":"string","vlan_id":"string"}]],"description_kind":"plain","computed":true},"name":{"type":"string","description_kind":"plain","computed":true},"netmask":{"type":"string","description_kind":"plain","computed":true},"pod_id":{"type":"string","description_kind":"plain","computed":true},"start_ip":{"type":"string","description_kind":"plain","computed":true},"vlan_id":{"type":"string","description_kind":"plain","computed":true},"zone_id":{"type":"string","description_kind":"plain","computed":true},"zone_name":{"type":"string","description_kind":"plain","computed":true}},"block_types":{"filter":{"nesting_mode":"set","block":{"attributes":{"name":{"type":"string","description_kind":"plain","required":true},"value":{"type":"string","description_kind":"plain","required":true}},"description_kind":"plain"},"min_items":1}},"description_kind":"plain"}},"cloudstack_service_offering":{"version":0,"block":{"attributes":{"display_text":{"type":"string","description_kind":"plain","computed":true},"id":{"type":"string","description_kind":"plain","optional":true,"computed":true},"name":{"type":"string","description_kind":"plain","computed":true}},"block_types":{"filter":{"nesting_mode":"set","block":{"attributes":{"name":{"type":"string","description_kind":"plain","required":true},"value":{"type":"string","description_kind":"plain","required":true}},"description_kind":"plain"},"min_items":1}},"description_kind":"plain"}},"cloudstack_ssh_keypair":{"version":0,"block":{"attributes":{"fingerprint":{"type":"string","description_kind":"plain","computed":true},"id":{"type":"string","description_kind":"plain","optional":true,"computed":true},"name":{"type":"string","description_kind":"plain","computed":true}},"block_types":{"filter":{"nesting_mode":"set","block":{"attributes":{"name":{"type":"string","description_kind":"plain","required":true},"value":{"type":"string","description_kind":"plain","required":true}},"description_kind":"plain"},"min_items":1}},"description_kind":"plain"}},"cloudstack_template":{"version":0,"block":{"attributes":{"account":{"type":"string","description_kind":"plain","computed":true},"created":{"type":"string","description_kind":"plain","computed":true},"display_text":{"type":"string","description_kind":"plain","computed":true},"format":{"type":"string","description_kind":"plain","computed":true},"hypervisor":{"type":"string","description_kind":"plain","computed":true},"id":{"type":"string","description_kind":"plain","optional":true,"computed":true},"name":{"type":"string","description_kind":"plain","computed":true},"size":{"type":"string","description_kind":"plain","computed":true},"tags":{"type":["map","string"],"description_kind":"plain","optional":true,"computed":true},"template_filter":{"type":"string","description_kind":"plain","required":true},"template_id":{"type":"string","description_kind":"plain","computed":true}},"block_types":{"filter":{"nesting_mode":"set","block":{"attributes":{"name":{"type":"string","description_kind":"plain","required":true},"value":{"type":"string","description_kind":"plain","required":true}},"description_kind":"plain"},"min_items":1}},"description_kind":"plain"}},"cloudstack_user":{"version":0,"block":{"attributes":{"account":{"type":"string","description_kind":"plain","computed":true},"email":{"type":"string","description_kind":"plain","computed":true},"first_name":{"type":"string","description_kind":"plain","computed":true},"id":{"type":"string","description_kind":"plain","optional":true,"computed":true},"last_name":{"type":"string","description_kind":"plain","computed":true},"username":{"type":"string","description_kind":"plain","computed":true}},"block_types":{"filter":{"nesting_mode":"set","block":{"attributes":{"name":{"type":"string","description_kind":"plain","required":true},"value":{"type":"string","description_kind":"plain","required":true}},"description_kind":"plain"},"min_items":1}},"description_kind":"plain"}},"cloudstack_volume":{"version":0,"block":{"attributes":{"disk_offering_id":{"type":"string","description_kind":"plain","computed":true},"id":{"type":"string","description_kind":"plain","optional":true,"computed":true},"name":{"type":"string","description_kind":"plain","computed":true},"zone_id":{"type":"string","description_kind":"plain","computed":true}},"block_types":{"filter":{"nesting_mode":"set","block":{"attributes":{"name":{"type":"string","description_kind":"plain","required":true},"value":{"type":"string","description_kind":"plain","required":true}},"description_kind":"plain"},"min_items":1}},"description_kind":"plain"}},"cloudstack_vpc":{"version":0,"block":{"attributes":{"cidr":{"type":"string","description_kind":"plain","computed":true},"display_text":{"type":"string","description_kind":"plain","computed":true},"id":{"type":"string","description_kind":"plain","optional":true,"computed":true},"name":{"type":"string","description_kind":"plain","computed":true},"network_domain":{"type":"string","description_kind":"plain","computed":true},"project":{"type":"string","description_kind":"plain","computed":true},"tags":{"type":["map","string"],"description_kind":"plain","optional":true,"computed":true},"vpc_offering_name":{"type":"string","description_kind":"plain","computed":true},"zone_name":{"type":"string","description_kind":"plain","computed":true}},"block_types":{"filter":{"nesting_mode":"set","block":{"attributes":{"name":{"type":"string","description_kind":"plain","required":true},"value":{"type":"string","description_kind":"plain","required":true}},"description_kind":"plain"},"min_items":1}},"description_kind":"plain"}},"cloudstack_vpn_connection":{"version":0,"block":{"attributes":{"id":{"type":"string","description_kind":"plain","optional":true,"computed":true},"s2s_customer_gateway_id":{"type":"string","description_kind":"plain","computed":true},"s2s_vpn_gateway_id":{"type":"string","description_kind":"plain","computed":true}},"block_types":{"filter":{"nesting_mode":"set","block":{"attributes":{"name":{"type":"string","description_kind":"plain","required":true},"value":{"type":"string","description_kind":"plain","required":true}},"description_kind":"plain"},"min_items":1}},"description_kind":"plain"}},"cloudstack_zone":{"version":0,"block":{"attributes":{"dns1":{"type":"string","description_kind":"plain","computed":true},"id":{"type":"string","description_kind":"plain","optional":true,"computed":true},"internal_dns1":{"type":"string","description_kind":"plain","computed":true},"name":{"type":"string","description_kind":"plain","computed":true},"network_type":{"type":"string","description_kind":"plain","computed":true}},"block_types":{"filter":{"nesting_mode":"set","block":{"attributes":{"name":{"type":"string","description_kind":"plain","required":true},"value":{"type":"string","description_kind":"plain","required":true}},"description_kind":"plain"},"min_items":1}},"description_kind":"plain"}}}}}}
